
Microsoft Visual Studio Solution File, Format Version 12.00
# Visual Studio Version 16
VisualStudioVersion = 16.0.30011.22
MinimumVisualStudioVersion = 10.0.40219.1
Project("{888888A0-9F3D-457C-B088-3A5042F75D52}") = "pdbc_mongodb_apps", "pdbc_mongodb_apps\pdbc_mongodb_apps.pyproj", "{EE28EBD1-2FE7-4889-AB39-9E1248C49B63}"
EndProject
Global
	GlobalSection(SolutionConfigurationPlatforms) = preSolution
		Debug|Any CPU = Debug|Any CPU
		Release|Any CPU = Release|Any CPU
	EndGlobalSection
	GlobalSection(ProjectConfigurationPlatforms) = postSolution
		{EE28EBD1-2FE7-4889-AB39-9E1248C49B63}.Debug|Any CPU.ActiveCfg = Debug|Any CPU
		{EE28EBD1-2FE7-4889-AB39-9E1248C49B63}.Release|Any CPU.ActiveCfg = Release|Any CPU
	EndGlobalSection
	GlobalSection(SolutionProperties) = preSolution
		HideSolutionNode = FALSE
	EndGlobalSection
	GlobalSection(ExtensibilityGlobals) = postSolution
		SolutionGuid = {22FE5A56-AB20-47D2-8451-3F897ED6651C}
	EndGlobalSection
EndGlobal
